// !$*UTF8*$!
{
	archiveVersion = 1;
	classes = {
	};
	objectVersion = 55;
	objects = {

/* Begin PBXBuildFile section */
		EB606A4D273792AE00A3C22C /* HomeSB.storyboard in Resources */ = {isa = PBXBuildFile; fileRef = EB606A4C273792AE00A3C22C /* HomeSB.storyboard */; };
		EB606A4F273792BD00A3C22C /* ChatSB.storyboard in Resources */ = {isa = PBXBuildFile; fileRef = EB606A4E273792BD00A3C22C /* ChatSB.storyboard */; };
		EB606A51273792EA00A3C22C /* MyAroundSB.storyboard in Resources */ = {isa = PBXBuildFile; fileRef = EB606A50273792EA00A3C22C /* MyAroundSB.storyboard */; };
		EB606A53273792FF00A3C22C /* MyCarrotSB.storyboard in Resources */ = {isa = PBXBuildFile; fileRef = EB606A52273792FF00A3C22C /* MyCarrotSB.storyboard */; };
		EB606A552737931400A3C22C /* TownSB.storyboard in Resources */ = {isa = PBXBuildFile; fileRef = EB606A542737931400A3C22C /* TownSB.storyboard */; };
		EB606A5627379A5A00A3C22C /* Main.storyboard in Resources */ = {isa = PBXBuildFile; fileRef = EBAFF91D27378DE20091CC7A /* Main.storyboard */; };
		EB606A5827379EFB00A3C22C /* HomeVC.swift in Sources */ = {isa = PBXBuildFile; fileRef = EB606A5727379EFB00A3C22C /* HomeVC.swift */; };
		EB606A5A2737A04500A3C22C /* CustomNavgationBar.swift in Sources */ = {isa = PBXBuildFile; fileRef = EB606A592737A04500A3C22C /* CustomNavgationBar.swift */; };
		EB606A5C2737A07300A3C22C /* CustomNavigationBar.xib in Resources */ = {isa = PBXBuildFile; fileRef = EB606A5B2737A07300A3C22C /* CustomNavigationBar.xib */; };
		EB606A5E2737A57700A3C22C /* UIViewController + Extension.swift in Sources */ = {isa = PBXBuildFile; fileRef = EB606A5D2737A57700A3C22C /* UIViewController + Extension.swift */; };
		EB606A612737A6D800A3C22C /* SF-Pro-Display-Regular.otf in Resources */ = {isa = PBXBuildFile; fileRef = EB606A602737A6D800A3C22C /* SF-Pro-Display-Regular.otf */; };
		EB606A632737A75B00A3C22C /* TownVC.swift in Sources */ = {isa = PBXBuildFile; fileRef = EB606A622737A75B00A3C22C /* TownVC.swift */; };
		EB606A652737A76700A3C22C /* MyAroundVC.swift in Sources */ = {isa = PBXBuildFile; fileRef = EB606A642737A76700A3C22C /* MyAroundVC.swift */; };
		EB606A672737A77300A3C22C /* ChatVC.swift in Sources */ = {isa = PBXBuildFile; fileRef = EB606A662737A77300A3C22C /* ChatVC.swift */; };
		EB606A692737A77E00A3C22C /* MyCarrotVC.swift in Sources */ = {isa = PBXBuildFile; fileRef = EB606A682737A77E00A3C22C /* MyCarrotVC.swift */; };
		EB606A702737B53800A3C22C /* ItemTVC.swift in Sources */ = {isa = PBXBuildFile; fileRef = EB606A6E2737B53800A3C22C /* ItemTVC.swift */; };
		EB606A712737B53800A3C22C /* ItemTVC.xib in Resources */ = {isa = PBXBuildFile; fileRef = EB606A6F2737B53800A3C22C /* ItemTVC.xib */; };
		EB606A732737C2E100A3C22C /* itemTVDataModel.swift in Sources */ = {isa = PBXBuildFile; fileRef = EB606A722737C2E100A3C22C /* itemTVDataModel.swift */; };
		EB606A752737E47F00A3C22C /* HomeItemSB.storyboard in Resources */ = {isa = PBXBuildFile; fileRef = EB606A742737E47F00A3C22C /* HomeItemSB.storyboard */; };
		EB606A792737E4BE00A3C22C /* HomeItemVC.swift in Sources */ = {isa = PBXBuildFile; fileRef = EB606A782737E4BE00A3C22C /* HomeItemVC.swift */; };
		EB606A7D273908BF00A3C22C /* CustomBottomBar.swift in Sources */ = {isa = PBXBuildFile; fileRef = EB606A7C273908BF00A3C22C /* CustomBottomBar.swift */; };
		EB606A7F273908CC00A3C22C /* CustomBottomBar.xib in Resources */ = {isa = PBXBuildFile; fileRef = EB606A7E273908CC00A3C22C /* CustomBottomBar.xib */; };
		EB606A83273B9B3A00A3C22C /* HomeNVC.swift in Sources */ = {isa = PBXBuildFile; fileRef = EB606A82273B9B3A00A3C22C /* HomeNVC.swift */; };
		EB606A87273BAFAA00A3C22C /* CustomTopBar.swift in Sources */ = {isa = PBXBuildFile; fileRef = EB606A86273BAFAA00A3C22C /* CustomTopBar.swift */; };
		EB606A89273BAFBB00A3C22C /* CustomTopBar.xib in Resources */ = {isa = PBXBuildFile; fileRef = EB606A88273BAFBB00A3C22C /* CustomTopBar.xib */; };
		EB6C40AF2732163D009DE2F2 /* AppDelegate.swift in Sources */ = {isa = PBXBuildFile; fileRef = EB6C40AE2732163D009DE2F2 /* AppDelegate.swift */; };
		EB6C40B12732163D009DE2F2 /* SceneDelegate.swift in Sources */ = {isa = PBXBuildFile; fileRef = EB6C40B02732163D009DE2F2 /* SceneDelegate.swift */; };
		EB6C40B827321642009DE2F2 /* Assets.xcassets in Resources */ = {isa = PBXBuildFile; fileRef = EB6C40B727321642009DE2F2 /* Assets.xcassets */; };
		EB6C40BB27321642009DE2F2 /* LaunchScreen.storyboard in Resources */ = {isa = PBXBuildFile; fileRef = EB6C40B927321642009DE2F2 /* LaunchScreen.storyboard */; };
		EBAFF91C27378A0D0091CC7A /* TabBarController.swift in Sources */ = {isa = PBXBuildFile; fileRef = EBAFF91B27378A0D0091CC7A /* TabBarController.swift */; };
/* End PBXBuildFile section */

/* Begin PBXFileReference section */
		EB606A4C273792AE00A3C22C /* HomeSB.storyboard */ = {isa = PBXFileReference; lastKnownFileType = file.storyboard; path = HomeSB.storyboard; sourceTree = "<group>"; };
		EB606A4E273792BD00A3C22C /* ChatSB.storyboard */ = {isa = PBXFileReference; lastKnownFileType = file.storyboard; path = ChatSB.storyboard; sourceTree = "<group>"; };
		EB606A50273792EA00A3C22C /* MyAroundSB.storyboard */ = {isa = PBXFileReference; lastKnownFileType = file.storyboard; path = MyAroundSB.storyboard; sourceTree = "<group>"; };
		EB606A52273792FF00A3C22C /* MyCarrotSB.storyboard */ = {isa = PBXFileReference; lastKnownFileType = file.storyboard; path = MyCarrotSB.storyboard; sourceTree = "<group>"; };
		EB606A542737931400A3C22C /* TownSB.storyboard */ = {isa = PBXFileReference; lastKnownFileType = file.storyboard; path = TownSB.storyboard; sourceTree = "<group>"; };
		EB606A5727379EFB00A3C22C /* HomeVC.swift */ = {isa = PBXFileReference; lastKnownFileType = sourcecode.swift; path = HomeVC.swift; sourceTree = "<group>"; };
		EB606A592737A04500A3C22C /* CustomNavgationBar.swift */ = {isa = PBXFileReference; lastKnownFileType = sourcecode.swift; path = CustomNavgationBar.swift; sourceTree = "<group>"; };
		EB606A5B2737A07300A3C22C /* CustomNavigationBar.xib */ = {isa = PBXFileReference; lastKnownFileType = file.xib; path = CustomNavigationBar.xib; sourceTree = "<group>"; };
		EB606A5D2737A57700A3C22C /* UIViewController + Extension.swift */ = {isa = PBXFileReference; lastKnownFileType = sourcecode.swift; path = "UIViewController + Extension.swift"; sourceTree = "<group>"; };
		EB606A602737A6D800A3C22C /* SF-Pro-Display-Regular.otf */ = {isa = PBXFileReference; lastKnownFileType = file; path = "SF-Pro-Display-Regular.otf"; sourceTree = "<group>"; };
		EB606A622737A75B00A3C22C /* TownVC.swift */ = {isa = PBXFileReference; lastKnownFileType = sourcecode.swift; path = TownVC.swift; sourceTree = "<group>"; };
		EB606A642737A76700A3C22C /* MyAroundVC.swift */ = {isa = PBXFileReference; lastKnownFileType = sourcecode.swift; path = MyAroundVC.swift; sourceTree = "<group>"; };
		EB606A662737A77300A3C22C /* ChatVC.swift */ = {isa = PBXFileReference; lastKnownFileType = sourcecode.swift; path = ChatVC.swift; sourceTree = "<group>"; };
		EB606A682737A77E00A3C22C /* MyCarrotVC.swift */ = {isa = PBXFileReference; lastKnownFileType = sourcecode.swift; path = MyCarrotVC.swift; sourceTree = "<group>"; };
		EB606A6E2737B53800A3C22C /* ItemTVC.swift */ = {isa = PBXFileReference; lastKnownFileType = sourcecode.swift; path = ItemTVC.swift; sourceTree = "<group>"; };
		EB606A6F2737B53800A3C22C /* ItemTVC.xib */ = {isa = PBXFileReference; lastKnownFileType = file.xib; path = ItemTVC.xib; sourceTree = "<group>"; };
		EB606A722737C2E100A3C22C /* itemTVDataModel.swift */ = {isa = PBXFileReference; lastKnownFileType = sourcecode.swift; path = itemTVDataModel.swift; sourceTree = "<group>"; };
		EB606A742737E47F00A3C22C /* HomeItemSB.storyboard */ = {isa = PBXFileReference; lastKnownFileType = file.storyboard; path = HomeItemSB.storyboard; sourceTree = "<group>"; };
		EB606A782737E4BE00A3C22C /* HomeItemVC.swift */ = {isa = PBXFileReference; lastKnownFileType = sourcecode.swift; path = HomeItemVC.swift; sourceTree = "<group>"; };
		EB606A7C273908BF00A3C22C /* CustomBottomBar.swift */ = {isa = PBXFileReference; lastKnownFileType = sourcecode.swift; path = CustomBottomBar.swift; sourceTree = "<group>"; };
		EB606A7E273908CC00A3C22C /* CustomBottomBar.xib */ = {isa = PBXFileReference; lastKnownFileType = file.xib; path = CustomBottomBar.xib; sourceTree = "<group>"; };
		EB606A82273B9B3A00A3C22C /* HomeNVC.swift */ = {isa = PBXFileReference; lastKnownFileType = sourcecode.swift; path = HomeNVC.swift; sourceTree = "<group>"; };
		EB606A86273BAFAA00A3C22C /* CustomTopBar.swift */ = {isa = PBXFileReference; lastKnownFileType = sourcecode.swift; path = CustomTopBar.swift; sourceTree = "<group>"; };
		EB606A88273BAFBB00A3C22C /* CustomTopBar.xib */ = {isa = PBXFileReference; lastKnownFileType = file.xib; path = CustomTopBar.xib; sourceTree = "<group>"; };
		EB6C40AB2732163D009DE2F2 /* CarrotMarket_CloneCoding.app */ = {isa = PBXFileReference; explicitFileType = wrapper.application; includeInIndex = 0; path = CarrotMarket_CloneCoding.app; sourceTree = BUILT_PRODUCTS_DIR; };
		EB6C40AE2732163D009DE2F2 /* AppDelegate.swift */ = {isa = PBXFileReference; lastKnownFileType = sourcecode.swift; path = AppDelegate.swift; sourceTree = "<group>"; };
		EB6C40B02732163D009DE2F2 /* SceneDelegate.swift */ = {isa = PBXFileReference; lastKnownFileType = sourcecode.swift; path = SceneDelegate.swift; sourceTree = "<group>"; };
		EB6C40B727321642009DE2F2 /* Assets.xcassets */ = {isa = PBXFileReference; lastKnownFileType = folder.assetcatalog; path = Assets.xcassets; sourceTree = "<group>"; };
		EB6C40BA27321642009DE2F2 /* Base */ = {isa = PBXFileReference; lastKnownFileType = file.storyboard; name = Base; path = Base.lproj/LaunchScreen.storyboard; sourceTree = "<group>"; };
		EB6C40BC27321642009DE2F2 /* Info.plist */ = {isa = PBXFileReference; lastKnownFileType = text.plist.xml; path = Info.plist; sourceTree = "<group>"; };
		EBAFF91B27378A0D0091CC7A /* TabBarController.swift */ = {isa = PBXFileReference; lastKnownFileType = sourcecode.swift; path = TabBarController.swift; sourceTree = "<group>"; };
		EBAFF91D27378DE20091CC7A /* Main.storyboard */ = {isa = PBXFileReference; lastKnownFileType = file.storyboard; path = Main.storyboard; sourceTree = "<group>"; };
/* End PBXFileReference section */

/* Begin PBXFrameworksBuildPhase section */
		EB6C40A82732163D009DE2F2 /* Frameworks */ = {
			isa = PBXFrameworksBuildPhase;
			buildActionMask = 2147483647;
			files = (
			);
			runOnlyForDeploymentPostprocessing = 0;
		};
/* End PBXFrameworksBuildPhase section */

/* Begin PBXGroup section */
		EB606A5F2737A57E00A3C22C /* Extensions */ = {
			isa = PBXGroup;
			children = (
				EB606A5D2737A57700A3C22C /* UIViewController + Extension.swift */,
			);
			path = Extensions;
			sourceTree = "<group>";
		};
		EB6C40A22732163C009DE2F2 = {
			isa = PBXGroup;
			children = (
				EB6C40AD2732163D009DE2F2 /* CarrotMarket_CloneCoding */,
				EB6C40AC2732163D009DE2F2 /* Products */,
			);
			sourceTree = "<group>";
		};
		EB6C40AC2732163D009DE2F2 /* Products */ = {
			isa = PBXGroup;
			children = (
				EB6C40AB2732163D009DE2F2 /* CarrotMarket_CloneCoding.app */,
			);
			name = Products;
			sourceTree = "<group>";
		};
		EB6C40AD2732163D009DE2F2 /* CarrotMarket_CloneCoding */ = {
			isa = PBXGroup;
			children = (
				EB6C40C227322509009DE2F2 /* Resources */,
				EB6C40C527322579009DE2F2 /* Sources */,
				EB6C40BC27321642009DE2F2 /* Info.plist */,
			);
			path = CarrotMarket_CloneCoding;
			sourceTree = "<group>";
		};
		EB6C40C227322509009DE2F2 /* Resources */ = {
			isa = PBXGroup;
			children = (
				EB606A602737A6D800A3C22C /* SF-Pro-Display-Regular.otf */,
				EB6C40B02732163D009DE2F2 /* SceneDelegate.swift */,
				EB6C40AE2732163D009DE2F2 /* AppDelegate.swift */,
				EB606A5F2737A57E00A3C22C /* Extensions */,
				EB6C40C327322541009DE2F2 /* Storyboards */,
				EB6C40B727321642009DE2F2 /* Assets.xcassets */,
				EB6C40C42732255D009DE2F2 /* APIServices */,
			);
			path = Resources;
			sourceTree = "<group>";
		};
		EB6C40C327322541009DE2F2 /* Storyboards */ = {
			isa = PBXGroup;
			children = (
				EB6C40B927321642009DE2F2 /* LaunchScreen.storyboard */,
				EBAFF91D27378DE20091CC7A /* Main.storyboard */,
				EB606A4C273792AE00A3C22C /* HomeSB.storyboard */,
				EB606A742737E47F00A3C22C /* HomeItemSB.storyboard */,
				EB606A50273792EA00A3C22C /* MyAroundSB.storyboard */,
				EB606A542737931400A3C22C /* TownSB.storyboard */,
				EB606A4E273792BD00A3C22C /* ChatSB.storyboard */,
				EB606A52273792FF00A3C22C /* MyCarrotSB.storyboard */,
			);
			path = Storyboards;
			sourceTree = "<group>";
		};
		EB6C40C42732255D009DE2F2 /* APIServices */ = {
			isa = PBXGroup;
			children = (
			);
			path = APIServices;
			sourceTree = "<group>";
		};
		EB6C40C527322579009DE2F2 /* Sources */ = {
			isa = PBXGroup;
			children = (
				EB6C40CA273225BD009DE2F2 /* Classes */,
				EB6C40C9273225AF009DE2F2 /* Models */,
				EB6C40C82732259E009DE2F2 /* Designs */,
				EB6C40C727322595009DE2F2 /* Cells */,
				EB6C40C62732258F009DE2F2 /* VCs */,
			);
			path = Sources;
			sourceTree = "<group>";
		};
		EB6C40C62732258F009DE2F2 /* VCs */ = {
			isa = PBXGroup;
			children = (
				EBAFF91B27378A0D0091CC7A /* TabBarController.swift */,
				EB606A592737A04500A3C22C /* CustomNavgationBar.swift */,
				EB606A5B2737A07300A3C22C /* CustomNavigationBar.xib */,
				EB606A7C273908BF00A3C22C /* CustomBottomBar.swift */,
				EB606A7E273908CC00A3C22C /* CustomBottomBar.xib */,
				EB606A86273BAFAA00A3C22C /* CustomTopBar.swift */,
				EB606A88273BAFBB00A3C22C /* CustomTopBar.xib */,
				EB606A82273B9B3A00A3C22C /* HomeNVC.swift */,
				EB606A5727379EFB00A3C22C /* HomeVC.swift */,
				EB606A782737E4BE00A3C22C /* HomeItemVC.swift */,
				EB606A622737A75B00A3C22C /* TownVC.swift */,
				EB606A642737A76700A3C22C /* MyAroundVC.swift */,
				EB606A662737A77300A3C22C /* ChatVC.swift */,
				EB606A682737A77E00A3C22C /* MyCarrotVC.swift */,
			);
			path = VCs;
			sourceTree = "<group>";
		};
		EB6C40C727322595009DE2F2 /* Cells */ = {
			isa = PBXGroup;
			children = (
				EB606A6E2737B53800A3C22C /* ItemTVC.swift */,
				EB606A6F2737B53800A3C22C /* ItemTVC.xib */,
			);
			path = Cells;
			sourceTree = "<group>";
		};
		EB6C40C82732259E009DE2F2 /* Designs */ = {
			isa = PBXGroup;
			children = (
			);
			path = Designs;
			sourceTree = "<group>";
		};
		EB6C40C9273225AF009DE2F2 /* Models */ = {
			isa = PBXGroup;
			children = (
				EB606A722737C2E100A3C22C /* itemTVDataModel.swift */,
			);
			path = Models;
			sourceTree = "<group>";
		};
		EB6C40CA273225BD009DE2F2 /* Classes */ = {
			isa = PBXGroup;
			children = (
			);
			path = Classes;
			sourceTree = "<group>";
		};
/* End PBXGroup section */

/* Begin PBXNativeTarget section */
		EB6C40AA2732163D009DE2F2 /* CarrotMarket_CloneCoding */ = {
			isa = PBXNativeTarget;
			buildConfigurationList = EB6C40BF27321642009DE2F2 /* Build configuration list for PBXNativeTarget "CarrotMarket_CloneCoding" */;
			buildPhases = (
				EB6C40A72732163D009DE2F2 /* Sources */,
				EB6C40A82732163D009DE2F2 /* Frameworks */,
				EB6C40A92732163D009DE2F2 /* Resources */,
			);
			buildRules = (
			);
			dependencies = (
			);
			name = CarrotMarket_CloneCoding;
			productName = CarrotMarket_CloneCoding;
			productReference = EB6C40AB2732163D009DE2F2 /* CarrotMarket_CloneCoding.app */;
			productType = "com.apple.product-type.application";
		};
/* End PBXNativeTarget section */

/* Begin PBXProject section */
		EB6C40A32732163C009DE2F2 /* Project object */ = {
			isa = PBXProject;
			attributes = {
				BuildIndependentTargetsInParallel = 1;
				LastSwiftUpdateCheck = 1300;
				LastUpgradeCheck = 1300;
				TargetAttributes = {
					EB6C40AA2732163D009DE2F2 = {
						CreatedOnToolsVersion = 13.0;
					};
				};
			};
			buildConfigurationList = EB6C40A62732163C009DE2F2 /* Build configuration list for PBXProject "CarrotMarket_CloneCoding" */;
			compatibilityVersion = "Xcode 13.0";
			developmentRegion = en;
			hasScannedForEncodings = 0;
			knownRegions = (
				en,
				Base,
			);
			mainGroup = EB6C40A22732163C009DE2F2;
			productRefGroup = EB6C40AC2732163D009DE2F2 /* Products */;
			projectDirPath = "";
			projectRoot = "";
			targets = (
				EB6C40AA2732163D009DE2F2 /* CarrotMarket_CloneCoding */,
			);
		};
/* End PBXProject section */

/* Begin PBXResourcesBuildPhase section */
		EB6C40A92732163D009DE2F2 /* Resources */ = {
			isa = PBXResourcesBuildPhase;
			buildActionMask = 2147483647;
			files = (
				EB6C40BB27321642009DE2F2 /* LaunchScreen.storyboard in Resources */,
				EB606A752737E47F00A3C22C /* HomeItemSB.storyboard in Resources */,
				EB606A53273792FF00A3C22C /* MyCarrotSB.storyboard in Resources */,
				EB606A51273792EA00A3C22C /* MyAroundSB.storyboard in Resources */,
				EB606A5C2737A07300A3C22C /* CustomNavigationBar.xib in Resources */,
				EB606A712737B53800A3C22C /* ItemTVC.xib in Resources */,
				EB606A89273BAFBB00A3C22C /* CustomTopBar.xib in Resources */,
				EB606A7F273908CC00A3C22C /* CustomBottomBar.xib in Resources */,
				EB606A5627379A5A00A3C22C /* Main.storyboard in Resources */,
				EB606A4D273792AE00A3C22C /* HomeSB.storyboard in Resources */,
				EB606A552737931400A3C22C /* TownSB.storyboard in Resources */,
				EB606A4F273792BD00A3C22C /* ChatSB.storyboard in Resources */,
				EB606A612737A6D800A3C22C /* SF-Pro-Display-Regular.otf in Resources */,
				EB6C40B827321642009DE2F2 /* Assets.xcassets in Resources */,
			);
			runOnlyForDeploymentPostprocessing = 0;
		};
/* End PBXResourcesBuildPhase section */

/* Begin PBXSourcesBuildPhase section */
		EB6C40A72732163D009DE2F2 /* Sources */ = {
			isa = PBXSourcesBuildPhase;
			buildActionMask = 2147483647;
			files = (
				EB606A87273BAFAA00A3C22C /* CustomTopBar.swift in Sources */,
				EB606A672737A77300A3C22C /* ChatVC.swift in Sources */,
				EB606A7D273908BF00A3C22C /* CustomBottomBar.swift in Sources */,
				EBAFF91C27378A0D0091CC7A /* TabBarController.swift in Sources */,
				EB606A632737A75B00A3C22C /* TownVC.swift in Sources */,
				EB606A5827379EFB00A3C22C /* HomeVC.swift in Sources */,
				EB606A732737C2E100A3C22C /* itemTVDataModel.swift in Sources */,
				EB606A652737A76700A3C22C /* MyAroundVC.swift in Sources */,
				EB606A792737E4BE00A3C22C /* HomeItemVC.swift in Sources */,
				EB606A702737B53800A3C22C /* ItemTVC.swift in Sources */,
				EB606A5A2737A04500A3C22C /* CustomNavgationBar.swift in Sources */,
				EB6C40AF2732163D009DE2F2 /* AppDelegate.swift in Sources */,
				EB606A5E2737A57700A3C22C /* UIViewController + Extension.swift in Sources */,
				EB6C40B12732163D009DE2F2 /* SceneDelegate.swift in Sources */,
				EB606A83273B9B3A00A3C22C /* HomeNVC.swift in Sources */,
				EB606A692737A77E00A3C22C /* MyCarrotVC.swift in Sources */,
			);
			runOnlyForDeploymentPostprocessing = 0;
		};
/* End PBXSourcesBuildPhase section */

/* Begin PBXVariantGroup section */
		EB6C40B927321642009DE2F2 /* LaunchScreen.storyboard */ = {
			isa = PBXVariantGroup;
			children = (
				EB6C40BA27321642009DE2F2 /* Base */,
			);
			name = LaunchScreen.storyboard;
			sourceTree = "<group>";
		};
/* End PBXVariantGroup section */

/* Begin XCBuildConfiguration section */
		EB6C40BD27321642009DE2F2 /* Debug */ = {
			isa = XCBuildConfiguration;
			buildSettings = {
				ALWAYS_SEARCH_USER_PATHS = NO;
				CLANG_ANALYZER_NONNULL = YES;
				CLANG_ANALYZER_NUMBER_OBJECT_CONVERSION = YES_AGGRESSIVE;
				CLANG_CXX_LANGUAGE_STANDARD = "gnu++17";
				CLANG_CXX_LIBRARY = "libc++";
				CLANG_ENABLE_MODULES = YES;
				CLANG_ENABLE_OBJC_ARC = YES;
				CLANG_ENABLE_OBJC_WEAK = YES;
				CLANG_WARN_BLOCK_CAPTURE_AUTORELEASING = YES;
				CLANG_WARN_BOOL_CONVERSION = YES;
				CLANG_WARN_COMMA = YES;
				CLANG_WARN_CONSTANT_CONVERSION = YES;
				CLANG_WARN_DEPRECATED_OBJC_IMPLEMENTATIONS = YES;
				CLANG_WARN_DIRECT_OBJC_ISA_USAGE = YES_ERROR;
				CLANG_WARN_DOCUMENTATION_COMMENTS = YES;
				CLANG_WARN_EMPTY_BODY = YES;
				CLANG_WARN_ENUM_CONVERSION = YES;
				CLANG_WARN_INFINITE_RECURSION = YES;
				CLANG_WARN_INT_CONVERSION = YES;
				CLANG_WARN_NON_LITERAL_NULL_CONVERSION = YES;
				CLANG_WARN_OBJC_IMPLICIT_RETAIN_SELF = YES;
				CLANG_WARN_OBJC_LITERAL_CONVERSION = YES;
				CLANG_WARN_OBJC_ROOT_CLASS = YES_ERROR;
				CLANG_WARN_QUOTED_INCLUDE_IN_FRAMEWORK_HEADER = YES;
				CLANG_WARN_RANGE_LOOP_ANALYSIS = YES;
				CLANG_WARN_STRICT_PROTOTYPES = YES;
				CLANG_WARN_SUSPICIOUS_MOVE = YES;
				CLANG_WARN_UNGUARDED_AVAILABILITY = YES_AGGRESSIVE;
				CLANG_WARN_UNREACHABLE_CODE = YES;
				CLANG_WARN__DUPLICATE_METHOD_MATCH = YES;
				COPY_PHASE_STRIP = NO;
				DEBUG_INFORMATION_FORMAT = dwarf;
				ENABLE_STRICT_OBJC_MSGSEND = YES;
				ENABLE_TESTABILITY = YES;
				GCC_C_LANGUAGE_STANDARD = gnu11;
				GCC_DYNAMIC_NO_PIC = NO;
				GCC_NO_COMMON_BLOCKS = YES;
				GCC_OPTIMIZATION_LEVEL = 0;
				GCC_PREPROCESSOR_DEFINITIONS = (
					"DEBUG=1",
					"$(inherited)",
				);
				GCC_WARN_64_TO_32_BIT_CONVERSION = YES;
				GCC_WARN_ABOUT_RETURN_TYPE = YES_ERROR;
				GCC_WARN_UNDECLARED_SELECTOR = YES;
				GCC_WARN_UNINITIALIZED_AUTOS = YES_AGGRESSIVE;
				GCC_WARN_UNUSED_FUNCTION = YES;
				GCC_WARN_UNUSED_VARIABLE = YES;
				IPHONEOS_DEPLOYMENT_TARGET = 15.0;
				MTL_ENABLE_DEBUG_INFO = INCLUDE_SOURCE;
				MTL_FAST_MATH = YES;
				ONLY_ACTIVE_ARCH = YES;
				SDKROOT = iphoneos;
				SWIFT_ACTIVE_COMPILATION_CONDITIONS = DEBUG;
				SWIFT_OPTIMIZATION_LEVEL = "-Onone";
			};
			name = Debug;
		};
		EB6C40BE27321642009DE2F2 /* Release */ = {
			isa = XCBuildConfiguration;
			buildSettings = {
				ALWAYS_SEARCH_USER_PATHS = NO;
				CLANG_ANALYZER_NONNULL = YES;
				CLANG_ANALYZER_NUMBER_OBJECT_CONVERSION = YES_AGGRESSIVE;
				CLANG_CXX_LANGUAGE_STANDARD = "gnu++17";
				CLANG_CXX_LIBRARY = "libc++";
				CLANG_ENABLE_MODULES = YES;
				CLANG_ENABLE_OBJC_ARC = YES;
				CLANG_ENABLE_OBJC_WEAK = YES;
				CLANG_WARN_BLOCK_CAPTURE_AUTORELEASING = YES;
				CLANG_WARN_BOOL_CONVERSION = YES;
				CLANG_WARN_COMMA = YES;
				CLANG_WARN_CONSTANT_CONVERSION = YES;
				CLANG_WARN_DEPRECATED_OBJC_IMPLEMENTATIONS = YES;
				CLANG_WARN_DIRECT_OBJC_ISA_USAGE = YES_ERROR;
				CLANG_WARN_DOCUMENTATION_COMMENTS = YES;
				CLANG_WARN_EMPTY_BODY = YES;
				CLANG_WARN_ENUM_CONVERSION = YES;
				CLANG_WARN_INFINITE_RECURSION = YES;
				CLANG_WARN_INT_CONVERSION = YES;
				CLANG_WARN_NON_LITERAL_NULL_CONVERSION = YES;
				CLANG_WARN_OBJC_IMPLICIT_RETAIN_SELF = YES;
				CLANG_WARN_OBJC_LITERAL_CONVERSION = YES;
				CLANG_WARN_OBJC_ROOT_CLASS = YES_ERROR;
				CLANG_WARN_QUOTED_INCLUDE_IN_FRAMEWORK_HEADER = YES;
				CLANG_WARN_RANGE_LOOP_ANALYSIS = YES;
				CLANG_WARN_STRICT_PROTOTYPES = YES;
				CLANG_WARN_SUSPICIOUS_MOVE = YES;
				CLANG_WARN_UNGUARDED_AVAILABILITY = YES_AGGRESSIVE;
				CLANG_WARN_UNREACHABLE_CODE = YES;
				CLANG_WARN__DUPLICATE_METHOD_MATCH = YES;
				COPY_PHASE_STRIP = NO;
				DEBUG_INFORMATION_FORMAT = "dwarf-with-dsym";
				ENABLE_NS_ASSERTIONS = NO;
				ENABLE_STRICT_OBJC_MSGSEND = YES;
				GCC_C_LANGUAGE_STANDARD = gnu11;
				GCC_NO_COMMON_BLOCKS = YES;
				GCC_WARN_64_TO_32_BIT_CONVERSION = YES;
				GCC_WARN_ABOUT_RETURN_TYPE = YES_ERROR;
				GCC_WARN_UNDECLARED_SELECTOR = YES;
				GCC_WARN_UNINITIALIZED_AUTOS = YES_AGGRESSIVE;
				GCC_WARN_UNUSED_FUNCTION = YES;
				GCC_WARN_UNUSED_VARIABLE = YES;
				IPHONEOS_DEPLOYMENT_TARGET = 15.0;
				MTL_ENABLE_DEBUG_INFO = NO;
				MTL_FAST_MATH = YES;
				SDKROOT = iphoneos;
				SWIFT_COMPILATION_MODE = wholemodule;
				SWIFT_OPTIMIZATION_LEVEL = "-O";
				VALIDATE_PRODUCT = YES;
			};
			name = Release;
		};
		EB6C40C027321642009DE2F2 /* Debug */ = {
			isa = XCBuildConfiguration;
			buildSettings = {
				ASSETCATALOG_COMPILER_APPICON_NAME = AppIcon;
				ASSETCATALOG_COMPILER_GLOBAL_ACCENT_COLOR_NAME = AccentColor;
				CODE_SIGN_STYLE = Automatic;
				CURRENT_PROJECT_VERSION = 1;
				DEVELOPMENT_TEAM = FY8N9XTH66;
				GENERATE_INFOPLIST_FILE = YES;
				INFOPLIST_FILE = CarrotMarket_CloneCoding/Info.plist;
				INFOPLIST_KEY_UIApplicationSupportsIndirectInputEvents = YES;
				INFOPLIST_KEY_UILaunchStoryboardName = LaunchScreen;
				INFOPLIST_KEY_UIMainStoryboardFile = Main;
				INFOPLIST_KEY_UISupportedInterfaceOrientations_iPad = "UIInterfaceOrientationPortrait UIInterfaceOrientationPortraitUpsideDown UIInterfaceOrientationLandscapeLeft UIInterfaceOrientationLandscapeRight";
				INFOPLIST_KEY_UISupportedInterfaceOrientations_iPhone = "UIInterfaceOrientationPortrait UIInterfaceOrientationLandscapeLeft UIInterfaceOrientationLandscapeRight";
				LD_RUNPATH_SEARCH_PATHS = (
					"$(inherited)",
					"@executable_path/Frameworks",
				);
				MARKETING_VERSION = 1.0;
				PRODUCT_BUNDLE_IDENTIFIER = "com.seolagir.CarrotMarket-CloneCoding";
				PRODUCT_NAME = "$(TARGET_NAME)";
				SWIFT_EMIT_LOC_STRINGS = YES;
				SWIFT_VERSION = 5.0;
				TARGETED_DEVICE_FAMILY = "1,2";
			};
			name = Debug;
		};
		EB6C40C127321642009DE2F2 /* Release */ = {
			isa = XCBuildConfiguration;
			buildSettings = {
				ASSETCATALOG_COMPILER_APPICON_NAME = AppIcon;
				ASSETCATALOG_COMPILER_GLOBAL_ACCENT_COLOR_NAME = AccentColor;
				CODE_SIGN_STYLE = Automatic;
				CURRENT_PROJECT_VERSION = 1;
				DEVELOPMENT_TEAM = FY8N9XTH66;
				GENERATE_INFOPLIST_FILE = YES;
				INFOPLIST_FILE = CarrotMarket_CloneCoding/Info.plist;
				INFOPLIST_KEY_UIApplicationSupportsIndirectInputEvents = YES;
				INFOPLIST_KEY_UILaunchStoryboardName = LaunchScreen;
				INFOPLIST_KEY_UIMainStoryboardFile = Main;
				INFOPLIST_KEY_UISupportedInterfaceOrientations_iPad = "UIInterfaceOrientationPortrait UIInterfaceOrientationPortraitUpsideDown UIInterfaceOrientationLandscapeLeft UIInterfaceOrientationLandscapeRight";
				INFOPLIST_KEY_UISupportedInterfaceOrientations_iPhone = "UIInterfaceOrientationPortrait UIInterfaceOrientationLandscapeLeft UIInterfaceOrientationLandscapeRight";
				LD_RUNPATH_SEARCH_PATHS = (
					"$(inherited)",
					"@executable_path/Frameworks",
				);
				MARKETING_VERSION = 1.0;
				PRODUCT_BUNDLE_IDENTIFIER = "com.seolagir.CarrotMarket-CloneCoding";
				PRODUCT_NAME = "$(TARGET_NAME)";
				SWIFT_EMIT_LOC_STRINGS = YES;
				SWIFT_VERSION = 5.0;
				TARGETED_DEVICE_FAMILY = "1,2";
			};
			name = Release;
		};
/* End XCBuildConfiguration section */

/* Begin XCConfigurationList section */
		EB6C40A62732163C009DE2F2 /* Build configuration list for PBXProject "CarrotMarket_CloneCoding" */ = {
			isa = XCConfigurationList;
			buildConfigurations = (
				EB6C40BD27321642009DE2F2 /* Debug */,
				EB6C40BE27321642009DE2F2 /* Release */,
			);
			defaultConfigurationIsVisible = 0;
			defaultConfigurationName = Release;
		};
		EB6C40BF27321642009DE2F2 /* Build configuration list for PBXNativeTarget "CarrotMarket_CloneCoding" */ = {
			isa = XCConfigurationList;
			buildConfigurations = (
				EB6C40C027321642009DE2F2 /* Debug */,
				EB6C40C127321642009DE2F2 /* Release */,
			);
			defaultConfigurationIsVisible = 0;
			defaultConfigurationName = Release;
		};
/* End XCConfigurationList section */
	};
	rootObject = EB6C40A32732163C009DE2F2 /* Project object */;
}
